
Microsoft Visual Studio Solution File, Format Version 12.00
# Visual Studio Version 16
VisualStudioVersion = 16.0.29613.14
MinimumVisualStudioVersion = 10.0.40219.1
Project("{FAE04EC0-301F-11D3-BF4B-00C04F79EFBC}") = "MuranoWebSearcher", "MuranoWebSearcher\MuranoWebSearcher.csproj", "{F8D6C881-03B5-4DE2-B5A9-821701470263}"
EndProject
Global
	GlobalSection(SolutionConfigurationPlatforms) = preSolution
		Debug|Any CPU = Debug|Any CPU
		Release|Any CPU = Release|Any CPU
	EndGlobalSection
	GlobalSection(ProjectConfigurationPlatforms) = postSolution
		{F8D6C881-03B5-4DE2-B5A9-821701470263}.Debug|Any CPU.ActiveCfg = Debug|Any CPU
		{F8D6C881-03B5-4DE2-B5A9-821701470263}.Debug|Any CPU.Build.0 = Debug|Any CPU
		{F8D6C881-03B5-4DE2-B5A9-821701470263}.Release|Any CPU.ActiveCfg = Release|Any CPU
		{F8D6C881-03B5-4DE2-B5A9-821701470263}.Release|Any CPU.Build.0 = Release|Any CPU
	EndGlobalSection
	GlobalSection(SolutionProperties) = preSolution
		HideSolutionNode = FALSE
	EndGlobalSection
	GlobalSection(ExtensibilityGlobals) = postSolution
		SolutionGuid = {4A8D573C-956F-417C-B4F7-3F630C2F0E14}
	EndGlobalSection
EndGlobal
